
Microsoft Visual Studio Solution File, Format Version 12.00
# Visual Studio Version 17
VisualStudioVersion = 17.0.31912.275
MinimumVisualStudioVersion = 10.0.40219.1
Project("{FAE04EC0-301F-11D3-BF4B-00C04F79EFBC}") = "TryActions", "TryActions\TryActions.csproj", "{A2AC7557-C865-4182-839C-D36C4398A80B}"
EndProject
Project("{FAE04EC0-301F-11D3-BF4B-00C04F79EFBC}") = "TryActionTests", "TryActionTests\TryActionTests.csproj", "{BDF6C0C7-0F0B-4DB5-A4FE-6E7DD3EDA4FE}"
EndProject
Global
	GlobalSection(SolutionConfigurationPlatforms) = preSolution
		Debug|Any CPU = Debug|Any CPU
		Release|Any CPU = Release|Any CPU
	EndGlobalSection
	GlobalSection(ProjectConfigurationPlatforms) = postSolution
		{A2AC7557-C865-4182-839C-D36C4398A80B}.Debug|Any CPU.ActiveCfg = Debug|Any CPU
		{A2AC7557-C865-4182-839C-D36C4398A80B}.Debug|Any CPU.Build.0 = Debug|Any CPU
		{A2AC7557-C865-4182-839C-D36C4398A80B}.Release|Any CPU.ActiveCfg = Release|Any CPU
		{A2AC7557-C865-4182-839C-D36C4398A80B}.Release|Any CPU.Build.0 = Release|Any CPU
		{BDF6C0C7-0F0B-4DB5-A4FE-6E7DD3EDA4FE}.Debug|Any CPU.ActiveCfg = Debug|Any CPU
		{BDF6C0C7-0F0B-4DB5-A4FE-6E7DD3EDA4FE}.Debug|Any CPU.Build.0 = Debug|Any CPU
		{BDF6C0C7-0F0B-4DB5-A4FE-6E7DD3EDA4FE}.Release|Any CPU.ActiveCfg = Release|Any CPU
		{BDF6C0C7-0F0B-4DB5-A4FE-6E7DD3EDA4FE}.Release|Any CPU.Build.0 = Release|Any CPU
	EndGlobalSection
	GlobalSection(SolutionProperties) = preSolution
		HideSolutionNode = FALSE
	EndGlobalSection
	GlobalSection(ExtensibilityGlobals) = postSolution
		SolutionGuid = {566E0B24-17FA-4730-8878-4989C010E6C5}
	EndGlobalSection
EndGlobal
